
Microsoft Visual Studio Solution File, Format Version 12.00
# Visual Studio Version 16
VisualStudioVersion = 16.0.29009.5
MinimumVisualStudioVersion = 10.0.40219.1
Project("{FAE04EC0-301F-11D3-BF4B-00C04F79EFBC}") = "FluentPlayer", "FluentPlayer\FluentPlayer.csproj", "{6A9A031E-D9B6-475D-9B7E-4A867B7FE39E}"
EndProject
Project("{9A19103F-16F7-4668-BE54-9A1E7A4F7556}") = "FluentPlayer.Data", "FluentPlayer.Data\FluentPlayer.Data.csproj", "{487A9413-55E7-44E0-A5DF-97FB1BD77859}"
EndProject
Project("{9A19103F-16F7-4668-BE54-9A1E7A4F7556}") = "FluentPlayer.Data.Migration.Startup", "FluentPlayer.Data.Migration.Startup\FluentPlayer.Data.Migration.Startup.csproj", "{27E34B88-17EA-41CC-8FED-83230F2564E1}"
EndProject
Project("{9A19103F-16F7-4668-BE54-9A1E7A4F7556}") = "TaglibSharp.NetStandard", "taglib-sharp\src\TaglibSharp\TaglibSharp.NetStandard.csproj", "{59F49E09-2092-46C3-9F9B-1234FECCBB06}"
EndProject
Global
	GlobalSection(SolutionConfigurationPlatforms) = preSolution
		Debug|Any CPU = Debug|Any CPU
		Debug|x64 = Debug|x64
		Debug|x86 = Debug|x86
		Release|Any CPU = Release|Any CPU
		Release|x64 = Release|x64
		Release|x86 = Release|x86
	EndGlobalSection
	GlobalSection(ProjectConfigurationPlatforms) = postSolution
		{6A9A031E-D9B6-475D-9B7E-4A867B7FE39E}.Debug|Any CPU.ActiveCfg = Debug|x86
		{6A9A031E-D9B6-475D-9B7E-4A867B7FE39E}.Debug|Any CPU.Build.0 = Debug|x86
		{6A9A031E-D9B6-475D-9B7E-4A867B7FE39E}.Debug|Any CPU.Deploy.0 = Debug|x86
		{6A9A031E-D9B6-475D-9B7E-4A867B7FE39E}.Debug|x64.ActiveCfg = Debug|x64
		{6A9A031E-D9B6-475D-9B7E-4A867B7FE39E}.Debug|x64.Build.0 = Debug|x64
		{6A9A031E-D9B6-475D-9B7E-4A867B7FE39E}.Debug|x64.Deploy.0 = Debug|x64
		{6A9A031E-D9B6-475D-9B7E-4A867B7FE39E}.Debug|x86.ActiveCfg = Debug|x86
		{6A9A031E-D9B6-475D-9B7E-4A867B7FE39E}.Debug|x86.Build.0 = Debug|x86
		{6A9A031E-D9B6-475D-9B7E-4A867B7FE39E}.Debug|x86.Deploy.0 = Debug|x86
		{6A9A031E-D9B6-475D-9B7E-4A867B7FE39E}.Release|Any CPU.ActiveCfg = Release|x86
		{6A9A031E-D9B6-475D-9B7E-4A867B7FE39E}.Release|x64.ActiveCfg = Release|x64
		{6A9A031E-D9B6-475D-9B7E-4A867B7FE39E}.Release|x64.Build.0 = Release|x64
		{6A9A031E-D9B6-475D-9B7E-4A867B7FE39E}.Release|x64.Deploy.0 = Release|x64
		{6A9A031E-D9B6-475D-9B7E-4A867B7FE39E}.Release|x86.ActiveCfg = Release|x86
		{6A9A031E-D9B6-475D-9B7E-4A867B7FE39E}.Release|x86.Build.0 = Release|x86
		{6A9A031E-D9B6-475D-9B7E-4A867B7FE39E}.Release|x86.Deploy.0 = Release|x86
		{487A9413-55E7-44E0-A5DF-97FB1BD77859}.Debug|Any CPU.ActiveCfg = Debug|Any CPU
		{487A9413-55E7-44E0-A5DF-97FB1BD77859}.Debug|Any CPU.Build.0 = Debug|Any CPU
		{487A9413-55E7-44E0-A5DF-97FB1BD77859}.Debug|x64.ActiveCfg = Debug|Any CPU
		{487A9413-55E7-44E0-A5DF-97FB1BD77859}.Debug|x64.Build.0 = Debug|Any CPU
		{487A9413-55E7-44E0-A5DF-97FB1BD77859}.Debug|x86.ActiveCfg = Debug|Any CPU
		{487A9413-55E7-44E0-A5DF-97FB1BD77859}.Debug|x86.Build.0 = Debug|Any CPU
		{487A9413-55E7-44E0-A5DF-97FB1BD77859}.Release|Any CPU.ActiveCfg = Release|Any CPU
		{487A9413-55E7-44E0-A5DF-97FB1BD77859}.Release|Any CPU.Build.0 = Release|Any CPU
		{487A9413-55E7-44E0-A5DF-97FB1BD77859}.Release|x64.ActiveCfg = Release|Any CPU
		{487A9413-55E7-44E0-A5DF-97FB1BD77859}.Release|x64.Build.0 = Release|Any CPU
		{487A9413-55E7-44E0-A5DF-97FB1BD77859}.Release|x86.ActiveCfg = Release|Any CPU
		{487A9413-55E7-44E0-A5DF-97FB1BD77859}.Release|x86.Build.0 = Release|Any CPU
		{27E34B88-17EA-41CC-8FED-83230F2564E1}.Debug|Any CPU.ActiveCfg = Debug|Any CPU
		{27E34B88-17EA-41CC-8FED-83230F2564E1}.Debug|Any CPU.Build.0 = Debug|Any CPU
		{27E34B88-17EA-41CC-8FED-83230F2564E1}.Debug|x64.ActiveCfg = Debug|Any CPU
		{27E34B88-17EA-41CC-8FED-83230F2564E1}.Debug|x64.Build.0 = Debug|Any CPU
		{27E34B88-17EA-41CC-8FED-83230F2564E1}.Debug|x86.ActiveCfg = Debug|Any CPU
		{27E34B88-17EA-41CC-8FED-83230F2564E1}.Debug|x86.Build.0 = Debug|Any CPU
		{27E34B88-17EA-41CC-8FED-83230F2564E1}.Release|Any CPU.ActiveCfg = Release|Any CPU
		{27E34B88-17EA-41CC-8FED-83230F2564E1}.Release|Any CPU.Build.0 = Release|Any CPU
		{27E34B88-17EA-41CC-8FED-83230F2564E1}.Release|x64.ActiveCfg = Release|Any CPU
		{27E34B88-17EA-41CC-8FED-83230F2564E1}.Release|x64.Build.0 = Release|Any CPU
		{27E34B88-17EA-41CC-8FED-83230F2564E1}.Release|x86.ActiveCfg = Release|Any CPU
		{27E34B88-17EA-41CC-8FED-83230F2564E1}.Release|x86.Build.0 = Release|Any CPU
		{59F49E09-2092-46C3-9F9B-1234FECCBB06}.Debug|Any CPU.ActiveCfg = Debug|Any CPU
		{59F49E09-2092-46C3-9F9B-1234FECCBB06}.Debug|Any CPU.Build.0 = Debug|Any CPU
		{59F49E09-2092-46C3-9F9B-1234FECCBB06}.Debug|x64.ActiveCfg = Debug|Any CPU
		{59F49E09-2092-46C3-9F9B-1234FECCBB06}.Debug|x64.Build.0 = Debug|Any CPU
		{59F49E09-2092-46C3-9F9B-1234FECCBB06}.Debug|x86.ActiveCfg = Debug|Any CPU
		{59F49E09-2092-46C3-9F9B-1234FECCBB06}.Debug|x86.Build.0 = Debug|Any CPU
		{59F49E09-2092-46C3-9F9B-1234FECCBB06}.Release|Any CPU.ActiveCfg = Release|Any CPU
		{59F49E09-2092-46C3-9F9B-1234FECCBB06}.Release|Any CPU.Build.0 = Release|Any CPU
		{59F49E09-2092-46C3-9F9B-1234FECCBB06}.Release|x64.ActiveCfg = Release|Any CPU
		{59F49E09-2092-46C3-9F9B-1234FECCBB06}.Release|x64.Build.0 = Release|Any CPU
		{59F49E09-2092-46C3-9F9B-1234FECCBB06}.Release|x86.ActiveCfg = Release|Any CPU
		{59F49E09-2092-46C3-9F9B-1234FECCBB06}.Release|x86.Build.0 = Release|Any CPU
	EndGlobalSection
	GlobalSection(SolutionProperties) = preSolution
		HideSolutionNode = FALSE
	EndGlobalSection
	GlobalSection(ExtensibilityGlobals) = postSolution
		SolutionGuid = {462C8913-2215-4246-A2DF-AD38A931A0E9}
	EndGlobalSection
EndGlobal
